
Microsoft Visual Studio Solution File, Format Version 12.00
# Visual Studio Version 17
VisualStudioVersion = 17.9.34723.18
MinimumVisualStudioVersion = 10.0.40219.1
Project("{FAE04EC0-301F-11D3-BF4B-00C04F79EFBC}") = "pryReservasLopez", "pryReservasLopez.csproj", "{D204AF7B-BE0C-4F67-8098-BD54EAD55D14}"
EndProject
Global
	GlobalSection(SolutionConfigurationPlatforms) = preSolution
		Debug|Any CPU = Debug|Any CPU
		Release|Any CPU = Release|Any CPU
	EndGlobalSection
	GlobalSection(ProjectConfigurationPlatforms) = postSolution
		{D204AF7B-BE0C-4F67-8098-BD54EAD55D14}.Debug|Any CPU.ActiveCfg = Debug|Any CPU
		{D204AF7B-BE0C-4F67-8098-BD54EAD55D14}.Debug|Any CPU.Build.0 = Debug|Any CPU
		{D204AF7B-BE0C-4F67-8098-BD54EAD55D14}.Release|Any CPU.ActiveCfg = Release|Any CPU
		{D204AF7B-BE0C-4F67-8098-BD54EAD55D14}.Release|Any CPU.Build.0 = Release|Any CPU
	EndGlobalSection
	GlobalSection(SolutionProperties) = preSolution
		HideSolutionNode = FALSE
	EndGlobalSection
	GlobalSection(ExtensibilityGlobals) = postSolution
		SolutionGuid = {2234CF66-0E2F-4A86-B369-B96D1003EB7D}
	EndGlobalSection
EndGlobal
